
Microsoft Visual Studio Solution File, Format Version 12.00
# Visual Studio Version 17
VisualStudioVersion = 17.5.33502.453
MinimumVisualStudioVersion = 10.0.40219.1
Project("{FAE04EC0-301F-11D3-BF4B-00C04F79EFBC}") = "Yeremenko_HW4", "Yeremenko_HW4\Yeremenko_HW4.csproj", "{753B1573-3C0D-4D90-87D6-CBA9ADDACB99}"
EndProject
Global
	GlobalSection(SolutionConfigurationPlatforms) = preSolution
		Debug|Any CPU = Debug|Any CPU
		Release|Any CPU = Release|Any CPU
	EndGlobalSection
	GlobalSection(ProjectConfigurationPlatforms) = postSolution
		{753B1573-3C0D-4D90-87D6-CBA9ADDACB99}.Debug|Any CPU.ActiveCfg = Debug|Any CPU
		{753B1573-3C0D-4D90-87D6-CBA9ADDACB99}.Debug|Any CPU.Build.0 = Debug|Any CPU
		{753B1573-3C0D-4D90-87D6-CBA9ADDACB99}.Release|Any CPU.ActiveCfg = Release|Any CPU
		{753B1573-3C0D-4D90-87D6-CBA9ADDACB99}.Release|Any CPU.Build.0 = Release|Any CPU
	EndGlobalSection
	GlobalSection(SolutionProperties) = preSolution
		HideSolutionNode = FALSE
	EndGlobalSection
	GlobalSection(ExtensibilityGlobals) = postSolution
		SolutionGuid = {30BAC70E-9C29-40B8-B222-34525C4F6ACF}
	EndGlobalSection
EndGlobal
